
Microsoft Visual Studio Solution File, Format Version 12.00
# Visual Studio Version 17
VisualStudioVersion = 17.0.31903.59
MinimumVisualStudioVersion = 10.0.40219.1
Project("{2150E333-8FDC-42A3-9474-1A3956D46DE8}") = "src", "src", "{BE2E297E-C7C8-498A-8EE0-1DFC0AFC3359}"
EndProject
Project("{2150E333-8FDC-42A3-9474-1A3956D46DE8}") = "services", "services", "{9930D2FE-3340-431D-AB14-A24325601EAD}"
EndProject
Project("{2150E333-8FDC-42A3-9474-1A3956D46DE8}") = "catalog-service", "catalog-service", "{5E799592-6AE7-4608-A2C3-0EC0135C6498}"
EndProject
Project("{2150E333-8FDC-42A3-9474-1A3956D46DE8}") = "building-blocks", "building-blocks", "{BF26ED7C-FAF0-415E-B348-AF4555B3662A}"
EndProject
Project("{9A19103F-16F7-4668-BE54-9A1E7A4F7556}") = "BuildingBlocks.Domain", "src\building-blocks\BuildingBlocks.Domain\BuildingBlocks.Domain.csproj", "{C61FEAFD-3889-4177-953B-3F40F87CFE20}"
EndProject
Project("{9A19103F-16F7-4668-BE54-9A1E7A4F7556}") = "BuildingBlocks.Application.Abstraction", "src\building-blocks\BuildingBlocks.Application.Abstraction\BuildingBlocks.Application.Abstraction.csproj", "{6016CC60-60B8-4534-A730-ED1E5C912BA6}"
EndProject
Project("{9A19103F-16F7-4668-BE54-9A1E7A4F7556}") = "BuildingBlocks.Persistence.EFCore", "src\building-blocks\BuildingBlocks.Persistence.EFCore\BuildingBlocks.Persistence.EFCore.csproj", "{1447A4FC-111A-49D1-BE5C-536F1014E5B5}"
EndProject
Project("{9A19103F-16F7-4668-BE54-9A1E7A4F7556}") = "BuildingBlocks.Persistence.EFCore.MSSQL", "src\building-blocks\BuildingBlocks.Persistence.EFCore.MSSQL\BuildingBlocks.Persistence.EFCore.MSSQL.csproj", "{B1B8F564-4AB1-478E-A847-20207AD1DE53}"
EndProject
Project("{9A19103F-16F7-4668-BE54-9A1E7A4F7556}") = "BuildingBlocks.Application", "src\building-blocks\BuildingBlocks.Application\BuildingBlocks.Application.csproj", "{3A06E066-A0AE-4EA1-AFAB-7B868A775537}"
EndProject
Project("{9A19103F-16F7-4668-BE54-9A1E7A4F7556}") = "CatalogService.Api", "src\services\catalog-service\CatalogService.Api\CatalogService.Api.csproj", "{4583C49C-31FC-4F25-BBE0-E561B0871224}"
EndProject
Project("{9A19103F-16F7-4668-BE54-9A1E7A4F7556}") = "CatalogService.Application", "src\services\catalog-service\CatalogService.Application\CatalogService.Application.csproj", "{1D8065D4-3D4E-4FB1-8E30-BA0706EF8415}"
EndProject
Project("{9A19103F-16F7-4668-BE54-9A1E7A4F7556}") = "CatalogService.Domain", "src\services\catalog-service\CatalogService.Domain\CatalogService.Domain.csproj", "{2ABD9B3A-8AE0-44F5-BC91-3D7A11D14E7A}"
EndProject
Project("{9A19103F-16F7-4668-BE54-9A1E7A4F7556}") = "CatalogService.Infrastructure", "src\services\catalog-service\CatalogService.Infrastructure\CatalogService.Infrastructure.csproj", "{93F1D6BF-17D0-4FAB-A5C4-55CF0A5B0F89}"
EndProject
Project("{9A19103F-16F7-4668-BE54-9A1E7A4F7556}") = "CatalogService.Persistence", "src\services\catalog-service\CatalogService.Persistence\CatalogService.Persistence.csproj", "{00A12414-DCFB-4E26-AF55-198D56E798BE}"
EndProject
Global
	GlobalSection(SolutionConfigurationPlatforms) = preSolution
		Debug|Any CPU = Debug|Any CPU
		Release|Any CPU = Release|Any CPU
	EndGlobalSection
	GlobalSection(ProjectConfigurationPlatforms) = postSolution
		{C61FEAFD-3889-4177-953B-3F40F87CFE20}.Debug|Any CPU.ActiveCfg = Debug|Any CPU
		{C61FEAFD-3889-4177-953B-3F40F87CFE20}.Debug|Any CPU.Build.0 = Debug|Any CPU
		{C61FEAFD-3889-4177-953B-3F40F87CFE20}.Release|Any CPU.ActiveCfg = Release|Any CPU
		{C61FEAFD-3889-4177-953B-3F40F87CFE20}.Release|Any CPU.Build.0 = Release|Any CPU
		{6016CC60-60B8-4534-A730-ED1E5C912BA6}.Debug|Any CPU.ActiveCfg = Debug|Any CPU
		{6016CC60-60B8-4534-A730-ED1E5C912BA6}.Debug|Any CPU.Build.0 = Debug|Any CPU
		{6016CC60-60B8-4534-A730-ED1E5C912BA6}.Release|Any CPU.ActiveCfg = Release|Any CPU
		{6016CC60-60B8-4534-A730-ED1E5C912BA6}.Release|Any CPU.Build.0 = Release|Any CPU
		{1447A4FC-111A-49D1-BE5C-536F1014E5B5}.Debug|Any CPU.ActiveCfg = Debug|Any CPU
		{1447A4FC-111A-49D1-BE5C-536F1014E5B5}.Debug|Any CPU.Build.0 = Debug|Any CPU
		{1447A4FC-111A-49D1-BE5C-536F1014E5B5}.Release|Any CPU.ActiveCfg = Release|Any CPU
		{1447A4FC-111A-49D1-BE5C-536F1014E5B5}.Release|Any CPU.Build.0 = Release|Any CPU
		{B1B8F564-4AB1-478E-A847-20207AD1DE53}.Debug|Any CPU.ActiveCfg = Debug|Any CPU
		{B1B8F564-4AB1-478E-A847-20207AD1DE53}.Debug|Any CPU.Build.0 = Debug|Any CPU
		{B1B8F564-4AB1-478E-A847-20207AD1DE53}.Release|Any CPU.ActiveCfg = Release|Any CPU
		{B1B8F564-4AB1-478E-A847-20207AD1DE53}.Release|Any CPU.Build.0 = Release|Any CPU
		{3A06E066-A0AE-4EA1-AFAB-7B868A775537}.Debug|Any CPU.ActiveCfg = Debug|Any CPU
		{3A06E066-A0AE-4EA1-AFAB-7B868A775537}.Debug|Any CPU.Build.0 = Debug|Any CPU
		{3A06E066-A0AE-4EA1-AFAB-7B868A775537}.Release|Any CPU.ActiveCfg = Release|Any CPU
		{3A06E066-A0AE-4EA1-AFAB-7B868A775537}.Release|Any CPU.Build.0 = Release|Any CPU
		{4583C49C-31FC-4F25-BBE0-E561B0871224}.Debug|Any CPU.ActiveCfg = Debug|Any CPU
		{4583C49C-31FC-4F25-BBE0-E561B0871224}.Debug|Any CPU.Build.0 = Debug|Any CPU
		{4583C49C-31FC-4F25-BBE0-E561B0871224}.Release|Any CPU.ActiveCfg = Release|Any CPU
		{4583C49C-31FC-4F25-BBE0-E561B0871224}.Release|Any CPU.Build.0 = Release|Any CPU
		{1D8065D4-3D4E-4FB1-8E30-BA0706EF8415}.Debug|Any CPU.ActiveCfg = Debug|Any CPU
		{1D8065D4-3D4E-4FB1-8E30-BA0706EF8415}.Debug|Any CPU.Build.0 = Debug|Any CPU
		{1D8065D4-3D4E-4FB1-8E30-BA0706EF8415}.Release|Any CPU.ActiveCfg = Release|Any CPU
		{1D8065D4-3D4E-4FB1-8E30-BA0706EF8415}.Release|Any CPU.Build.0 = Release|Any CPU
		{2ABD9B3A-8AE0-44F5-BC91-3D7A11D14E7A}.Debug|Any CPU.ActiveCfg = Debug|Any CPU
		{2ABD9B3A-8AE0-44F5-BC91-3D7A11D14E7A}.Debug|Any CPU.Build.0 = Debug|Any CPU
		{2ABD9B3A-8AE0-44F5-BC91-3D7A11D14E7A}.Release|Any CPU.ActiveCfg = Release|Any CPU
		{2ABD9B3A-8AE0-44F5-BC91-3D7A11D14E7A}.Release|Any CPU.Build.0 = Release|Any CPU
		{93F1D6BF-17D0-4FAB-A5C4-55CF0A5B0F89}.Debug|Any CPU.ActiveCfg = Debug|Any CPU
		{93F1D6BF-17D0-4FAB-A5C4-55CF0A5B0F89}.Debug|Any CPU.Build.0 = Debug|Any CPU
		{93F1D6BF-17D0-4FAB-A5C4-55CF0A5B0F89}.Release|Any CPU.ActiveCfg = Release|Any CPU
		{93F1D6BF-17D0-4FAB-A5C4-55CF0A5B0F89}.Release|Any CPU.Build.0 = Release|Any CPU
		{00A12414-DCFB-4E26-AF55-198D56E798BE}.Debug|Any CPU.ActiveCfg = Debug|Any CPU
		{00A12414-DCFB-4E26-AF55-198D56E798BE}.Debug|Any CPU.Build.0 = Debug|Any CPU
		{00A12414-DCFB-4E26-AF55-198D56E798BE}.Release|Any CPU.ActiveCfg = Release|Any CPU
		{00A12414-DCFB-4E26-AF55-198D56E798BE}.Release|Any CPU.Build.0 = Release|Any CPU
	EndGlobalSection
	GlobalSection(SolutionProperties) = preSolution
		HideSolutionNode = FALSE
	EndGlobalSection
	GlobalSection(NestedProjects) = preSolution
		{9930D2FE-3340-431D-AB14-A24325601EAD} = {BE2E297E-C7C8-498A-8EE0-1DFC0AFC3359}
		{5E799592-6AE7-4608-A2C3-0EC0135C6498} = {9930D2FE-3340-431D-AB14-A24325601EAD}
		{BF26ED7C-FAF0-415E-B348-AF4555B3662A} = {BE2E297E-C7C8-498A-8EE0-1DFC0AFC3359}
		{C61FEAFD-3889-4177-953B-3F40F87CFE20} = {BF26ED7C-FAF0-415E-B348-AF4555B3662A}
		{6016CC60-60B8-4534-A730-ED1E5C912BA6} = {BF26ED7C-FAF0-415E-B348-AF4555B3662A}
		{1447A4FC-111A-49D1-BE5C-536F1014E5B5} = {BF26ED7C-FAF0-415E-B348-AF4555B3662A}
		{B1B8F564-4AB1-478E-A847-20207AD1DE53} = {BF26ED7C-FAF0-415E-B348-AF4555B3662A}
		{3A06E066-A0AE-4EA1-AFAB-7B868A775537} = {BF26ED7C-FAF0-415E-B348-AF4555B3662A}
		{4583C49C-31FC-4F25-BBE0-E561B0871224} = {5E799592-6AE7-4608-A2C3-0EC0135C6498}
		{1D8065D4-3D4E-4FB1-8E30-BA0706EF8415} = {5E799592-6AE7-4608-A2C3-0EC0135C6498}
		{2ABD9B3A-8AE0-44F5-BC91-3D7A11D14E7A} = {5E799592-6AE7-4608-A2C3-0EC0135C6498}
		{93F1D6BF-17D0-4FAB-A5C4-55CF0A5B0F89} = {5E799592-6AE7-4608-A2C3-0EC0135C6498}
		{00A12414-DCFB-4E26-AF55-198D56E798BE} = {5E799592-6AE7-4608-A2C3-0EC0135C6498}
	EndGlobalSection
	GlobalSection(ExtensibilityGlobals) = postSolution
		SolutionGuid = {EF40C83F-7D2E-4CCC-9265-4BCDECDCFB22}
	EndGlobalSection
EndGlobal
